
Microsoft Visual Studio Solution File, Format Version 12.00
# Visual Studio Version 17
VisualStudioVersion = 17.10.35013.160
MinimumVisualStudioVersion = 10.0.40219.1
Project("{FAE04EC0-301F-11D3-BF4B-00C04F79EFBC}") = "HeaterSystem", "HeaterSystem\HeaterSystem.csproj", "{230C1694-42BB-428E-A571-4559746A6239}"
EndProject
Project("{FAE04EC0-301F-11D3-BF4B-00C04F79EFBC}") = "HeaterSystem.UnitTests", "HeaterSystem.UnitTests\HeaterSystem.UnitTests.csproj", "{211532D0-6F5F-438D-9CCF-4B6FB56FD801}"
EndProject
Global
	GlobalSection(SolutionConfigurationPlatforms) = preSolution
		Debug|Any CPU = Debug|Any CPU
		Release|Any CPU = Release|Any CPU
	EndGlobalSection
	GlobalSection(ProjectConfigurationPlatforms) = postSolution
		{230C1694-42BB-428E-A571-4559746A6239}.Debug|Any CPU.ActiveCfg = Debug|Any CPU
		{230C1694-42BB-428E-A571-4559746A6239}.Debug|Any CPU.Build.0 = Debug|Any CPU
		{230C1694-42BB-428E-A571-4559746A6239}.Release|Any CPU.ActiveCfg = Release|Any CPU
		{230C1694-42BB-428E-A571-4559746A6239}.Release|Any CPU.Build.0 = Release|Any CPU
		{211532D0-6F5F-438D-9CCF-4B6FB56FD801}.Debug|Any CPU.ActiveCfg = Debug|Any CPU
		{211532D0-6F5F-438D-9CCF-4B6FB56FD801}.Debug|Any CPU.Build.0 = Debug|Any CPU
		{211532D0-6F5F-438D-9CCF-4B6FB56FD801}.Release|Any CPU.ActiveCfg = Release|Any CPU
		{211532D0-6F5F-438D-9CCF-4B6FB56FD801}.Release|Any CPU.Build.0 = Release|Any CPU
	EndGlobalSection
	GlobalSection(SolutionProperties) = preSolution
		HideSolutionNode = FALSE
	EndGlobalSection
	GlobalSection(ExtensibilityGlobals) = postSolution
		SolutionGuid = {E8752BF2-A357-49F6-9B9B-6B7EB8974D0E}
	EndGlobalSection
EndGlobal
